
Microsoft Visual Studio Solution File, Format Version 12.00
# Visual Studio 15
VisualStudioVersion = 15.0.27428.2015
MinimumVisualStudioVersion = 10.0.40219.1
Project("{9A19103F-16F7-4668-BE54-9A1E7A4F7556}") = "Gear.Components", "Gear.Components\Gear.Components.csproj", "{036C79D7-976B-43D7-8D11-F73BED516FAD}"
EndProject
Project("{FAE04EC0-301F-11D3-BF4B-00C04F79EFBC}") = "Gear.Caching", "Gear.Caching\Gear.Caching.csproj", "{C9E360CB-359E-4EFB-A560-4B50B208B737}"
EndProject
Global
	GlobalSection(SolutionConfigurationPlatforms) = preSolution
		Debug|Any CPU = Debug|Any CPU
		Release|Any CPU = Release|Any CPU
	EndGlobalSection
	GlobalSection(ProjectConfigurationPlatforms) = postSolution
		{036C79D7-976B-43D7-8D11-F73BED516FAD}.Debug|Any CPU.ActiveCfg = Debug|Any CPU
		{036C79D7-976B-43D7-8D11-F73BED516FAD}.Debug|Any CPU.Build.0 = Debug|Any CPU
		{036C79D7-976B-43D7-8D11-F73BED516FAD}.Release|Any CPU.ActiveCfg = Release|Any CPU
		{036C79D7-976B-43D7-8D11-F73BED516FAD}.Release|Any CPU.Build.0 = Release|Any CPU
		{C9E360CB-359E-4EFB-A560-4B50B208B737}.Debug|Any CPU.ActiveCfg = Debug|Any CPU
		{C9E360CB-359E-4EFB-A560-4B50B208B737}.Debug|Any CPU.Build.0 = Debug|Any CPU
		{C9E360CB-359E-4EFB-A560-4B50B208B737}.Release|Any CPU.ActiveCfg = Release|Any CPU
		{C9E360CB-359E-4EFB-A560-4B50B208B737}.Release|Any CPU.Build.0 = Release|Any CPU
	EndGlobalSection
	GlobalSection(SolutionProperties) = preSolution
		HideSolutionNode = FALSE
	EndGlobalSection
	GlobalSection(ExtensibilityGlobals) = postSolution
		SolutionGuid = {824BCCF1-FA32-49B4-9617-B08F9A4D2C7A}
	EndGlobalSection
EndGlobal
