
Microsoft Visual Studio Solution File, Format Version 12.00
# Visual Studio 15
VisualStudioVersion = 15.0.27428.2015
MinimumVisualStudioVersion = 10.0.40219.1
Project("{9A19103F-16F7-4668-BE54-9A1E7A4F7556}") = "Gear.Components", "Gear.Components\Gear.Components.csproj", "{036C79D7-976B-43D7-8D11-F73BED516FAD}"
EndProject
Project("{9A19103F-16F7-4668-BE54-9A1E7A4F7556}") = "Gear.Caching", "Gear.Caching\Gear.Caching.csproj", "{C9E360CB-359E-4EFB-A560-4B50B208B737}"
EndProject
Project("{2150E333-8FDC-42A3-9474-1A3956D46DE8}") = "Documentation", "Documentation", "{B479DA3D-21AF-4E09-92C0-6330EAA9B008}"
	ProjectSection(SolutionItems) = preProject
		Gear.jpg = Gear.jpg
		LICENSE = LICENSE
		NuGet.jpg = NuGet.jpg
		README.md = README.md
	EndProjectSection
EndProject
Project("{FAE04EC0-301F-11D3-BF4B-00C04F79EFBC}") = "Gear.Components.Tests", "Gear.Components.Tests\Gear.Components.Tests.csproj", "{2A33CDE4-C5F9-4864-8EE0-72D04EAAA27B}"
EndProject
Project("{9A19103F-16F7-4668-BE54-9A1E7A4F7556}") = "Gear.ActiveQuery", "Gear.ActiveQuery\Gear.ActiveQuery.csproj", "{FB29A1EF-7348-4139-B4EC-B60BF31DB5FF}"
EndProject
Project("{2150E333-8FDC-42A3-9474-1A3956D46DE8}") = "Solution Items", "Solution Items", "{BB0E4A60-B4AD-4340-97BC-145B1DE4BAA8}"
	ProjectSection(SolutionItems) = preProject
		.editorconfig = .editorconfig
	EndProjectSection
EndProject
Global
	GlobalSection(SolutionConfigurationPlatforms) = preSolution
		Debug|Any CPU = Debug|Any CPU
		Release|Any CPU = Release|Any CPU
	EndGlobalSection
	GlobalSection(ProjectConfigurationPlatforms) = postSolution
		{036C79D7-976B-43D7-8D11-F73BED516FAD}.Debug|Any CPU.ActiveCfg = Debug|Any CPU
		{036C79D7-976B-43D7-8D11-F73BED516FAD}.Debug|Any CPU.Build.0 = Debug|Any CPU
		{036C79D7-976B-43D7-8D11-F73BED516FAD}.Release|Any CPU.ActiveCfg = Release|Any CPU
		{036C79D7-976B-43D7-8D11-F73BED516FAD}.Release|Any CPU.Build.0 = Release|Any CPU
		{C9E360CB-359E-4EFB-A560-4B50B208B737}.Debug|Any CPU.ActiveCfg = Debug|Any CPU
		{C9E360CB-359E-4EFB-A560-4B50B208B737}.Debug|Any CPU.Build.0 = Debug|Any CPU
		{C9E360CB-359E-4EFB-A560-4B50B208B737}.Release|Any CPU.ActiveCfg = Release|Any CPU
		{C9E360CB-359E-4EFB-A560-4B50B208B737}.Release|Any CPU.Build.0 = Release|Any CPU
		{2A33CDE4-C5F9-4864-8EE0-72D04EAAA27B}.Debug|Any CPU.ActiveCfg = Debug|Any CPU
		{2A33CDE4-C5F9-4864-8EE0-72D04EAAA27B}.Debug|Any CPU.Build.0 = Debug|Any CPU
		{2A33CDE4-C5F9-4864-8EE0-72D04EAAA27B}.Release|Any CPU.ActiveCfg = Release|Any CPU
		{2A33CDE4-C5F9-4864-8EE0-72D04EAAA27B}.Release|Any CPU.Build.0 = Release|Any CPU
		{FB29A1EF-7348-4139-B4EC-B60BF31DB5FF}.Debug|Any CPU.ActiveCfg = Debug|Any CPU
		{FB29A1EF-7348-4139-B4EC-B60BF31DB5FF}.Debug|Any CPU.Build.0 = Debug|Any CPU
		{FB29A1EF-7348-4139-B4EC-B60BF31DB5FF}.Release|Any CPU.ActiveCfg = Release|Any CPU
		{FB29A1EF-7348-4139-B4EC-B60BF31DB5FF}.Release|Any CPU.Build.0 = Release|Any CPU
	EndGlobalSection
	GlobalSection(SolutionProperties) = preSolution
		HideSolutionNode = FALSE
	EndGlobalSection
	GlobalSection(ExtensibilityGlobals) = postSolution
		SolutionGuid = {824BCCF1-FA32-49B4-9617-B08F9A4D2C7A}
	EndGlobalSection
EndGlobal
